
Microsoft Visual Studio Solution File, Format Version 12.00
# Visual Studio 15
Project("{FAE04EC0-301F-11D3-BF4B-00C04F79EFBC}") = "Assembly-CSharp-Editor", "Assembly-CSharp-Editor.csproj", "{4D30205C-7450-8229-83CA-8AC547DAED13}"
EndProject
Project("{FAE04EC0-301F-11D3-BF4B-00C04F79EFBC}") = "Assembly-CSharp", "Assembly-CSharp.csproj", "{5A739B4D-7EAF-8A6E-6075-8D9873C52DAB}"
EndProject
Global
	GlobalSection(SolutionConfigurationPlatforms) = preSolution
		Debug|Any CPU = Debug|Any CPU
		Release|Any CPU = Release|Any CPU
	EndGlobalSection
	GlobalSection(ProjectConfigurationPlatforms) = postSolution
		{4D30205C-7450-8229-83CA-8AC547DAED13}.Debug|Any CPU.ActiveCfg = Debug|Any CPU
		{4D30205C-7450-8229-83CA-8AC547DAED13}.Debug|Any CPU.Build.0 = Debug|Any CPU
		{4D30205C-7450-8229-83CA-8AC547DAED13}.Release|Any CPU.ActiveCfg = Release|Any CPU
		{4D30205C-7450-8229-83CA-8AC547DAED13}.Release|Any CPU.Build.0 = Release|Any CPU
		{5A739B4D-7EAF-8A6E-6075-8D9873C52DAB}.Debug|Any CPU.ActiveCfg = Debug|Any CPU
		{5A739B4D-7EAF-8A6E-6075-8D9873C52DAB}.Debug|Any CPU.Build.0 = Debug|Any CPU
		{5A739B4D-7EAF-8A6E-6075-8D9873C52DAB}.Release|Any CPU.ActiveCfg = Release|Any CPU
		{5A739B4D-7EAF-8A6E-6075-8D9873C52DAB}.Release|Any CPU.Build.0 = Release|Any CPU
	EndGlobalSection
	GlobalSection(SolutionProperties) = preSolution
		HideSolutionNode = FALSE
	EndGlobalSection
EndGlobal
